
Microsoft Visual Studio Solution File, Format Version 12.00
# Visual Studio Version 17
VisualStudioVersion = 17.2.32630.192
MinimumVisualStudioVersion = 10.0.40219.1
Project("{FAE04EC0-301F-11D3-BF4B-00C04F79EFBC}") = "API_Pixabay", "API_Pixabay\API_Pixabay.csproj", "{720077A2-1899-469E-84B6-DBF05BD233F0}"
EndProject
Global
	GlobalSection(SolutionConfigurationPlatforms) = preSolution
		Debug|Any CPU = Debug|Any CPU
		Release|Any CPU = Release|Any CPU
	EndGlobalSection
	GlobalSection(ProjectConfigurationPlatforms) = postSolution
		{720077A2-1899-469E-84B6-DBF05BD233F0}.Debug|Any CPU.ActiveCfg = Debug|Any CPU
		{720077A2-1899-469E-84B6-DBF05BD233F0}.Debug|Any CPU.Build.0 = Debug|Any CPU
		{720077A2-1899-469E-84B6-DBF05BD233F0}.Release|Any CPU.ActiveCfg = Release|Any CPU
		{720077A2-1899-469E-84B6-DBF05BD233F0}.Release|Any CPU.Build.0 = Release|Any CPU
	EndGlobalSection
	GlobalSection(SolutionProperties) = preSolution
		HideSolutionNode = FALSE
	EndGlobalSection
	GlobalSection(ExtensibilityGlobals) = postSolution
		SolutionGuid = {25D9CC15-6CC8-497F-A431-70D5B2571EC9}
	EndGlobalSection
EndGlobal
